<?xml version="1.0" encoding="UTF-8" standalone="yes" ?>
<CodeBlocks_project_file>
	<FileVersion major="1" minor="6" />
	<Project>
		<Option title="jackrtpmidid" />
		<Option pch_mode="2" />
		<Option compiler="gcc" />
		<Build>
			<Target title="Debug">
				<Option output="bin/Debug/jackrtpmidid" prefix_auto="1" extension_auto="1" />
				<Option object_output="obj/Debug/" />
				<Option type="1" />
				<Option compiler="gcc" />
				<Option parameters="-verbosertp" />
				<Compiler>
					<Add option="-g" />
				</Compiler>
			</Target>
			<Target title="Release">
				<Option output="bin/Release/jackrtpmidid" prefix_auto="1" extension_auto="1" />
				<Option object_output="obj/Release/" />
				<Option type="1" />
				<Option compiler="gcc" />
				<Compiler>
					<Add option="-O2" />
				</Compiler>
				<Linker>
					<Add option="-s" />
				</Linker>
			</Target>
		</Build>
		<Compiler>
			<Add option="-Wall" />
			<Add option="-fexceptions" />
		</Compiler>
		<Linker>
			<Add library="jack" />
		</Linker>
		<Unit filename="MIDI_FIFO.h" />
		<Unit filename="RTP_MIDI.cpp" />
		<Unit filename="RTP_MIDI.h" />
		<Unit filename="RTP_MIDI_AppleProtocol.cpp" />
		<Unit filename="RTP_MIDI_Input.cpp" />
		<Unit filename="RTP_netdriver.cpp" />
		<Unit filename="RTP_netdriver.h" />
		<Unit filename="jackrtpmidid.cpp" />
		<Extensions>
			<code_completion />
			<debugger />
		</Extensions>
	</Project>
</CodeBlocks_project_file>
